
Microsoft Visual Studio Solution File, Format Version 12.00
# Visual Studio Version 16
VisualStudioVersion = 16.0.31729.503
MinimumVisualStudioVersion = 10.0.40219.1
Project("{FAE04EC0-301F-11D3-BF4B-00C04F79EFBC}") = "Log_in-Sign_up app", "Log_in-Sign_up app\Log_in-Sign_up app.csproj", "{978A556F-88B9-43A6-AE81-451F1D98DF3B}"
EndProject
Global
	GlobalSection(SolutionConfigurationPlatforms) = preSolution
		Debug|Any CPU = Debug|Any CPU
		Release|Any CPU = Release|Any CPU
	EndGlobalSection
	GlobalSection(ProjectConfigurationPlatforms) = postSolution
		{978A556F-88B9-43A6-AE81-451F1D98DF3B}.Debug|Any CPU.ActiveCfg = Debug|Any CPU
		{978A556F-88B9-43A6-AE81-451F1D98DF3B}.Debug|Any CPU.Build.0 = Debug|Any CPU
		{978A556F-88B9-43A6-AE81-451F1D98DF3B}.Release|Any CPU.ActiveCfg = Release|Any CPU
		{978A556F-88B9-43A6-AE81-451F1D98DF3B}.Release|Any CPU.Build.0 = Release|Any CPU
	EndGlobalSection
	GlobalSection(SolutionProperties) = preSolution
		HideSolutionNode = FALSE
	EndGlobalSection
	GlobalSection(ExtensibilityGlobals) = postSolution
		SolutionGuid = {F25F5C30-3BDC-493F-A812-70F20AD28E39}
	EndGlobalSection
EndGlobal
